// !$*UTF8*$!
{
	archiveVersion = 1;
	classes = {
	};
	objectVersion = 50;
	objects = {

/* Begin PBXBuildFile section */
		4A0AD1AF28D2435D00A89032 /* json_file in Resources */ = {isa = PBXBuildFile; fileRef = 4A0AD1AE28D2435C00A89032 /* json_file */; };
		4A1D8B8228D2DAA400969B8B /* DaysTableViewCell.swift in Sources */ = {isa = PBXBuildFile; fileRef = 4A1D8B8128D2DAA400969B8B /* DaysTableViewCell.swift */; };
		4A5D0BD228649A0C00977A9E /* ForecastsResponse.swift in Sources */ = {isa = PBXBuildFile; fileRef = 4A5D0BD128649A0C00977A9E /* ForecastsResponse.swift */; };
		4A5D0BD72864AC9D00977A9E /* ForecastViewController.swift in Sources */ = {isa = PBXBuildFile; fileRef = 4A5D0BD62864AC9D00977A9E /* ForecastViewController.swift */; };
		4A5D655A286B22DB00A31ECA /* UICollectionViewCell+ReuseIdentifier.swift in Sources */ = {isa = PBXBuildFile; fileRef = 4A5D6559286B22DB00A31ECA /* UICollectionViewCell+ReuseIdentifier.swift */; };
		4A83A1542884581400616B35 /* GoogleService-Info.plist in Resources */ = {isa = PBXBuildFile; fileRef = 4A83A1532884581400616B35 /* GoogleService-Info.plist */; };
		4A86FCE9286443B900DF09FA /* AppDelegate.swift in Sources */ = {isa = PBXBuildFile; fileRef = 4A86FCE8286443B900DF09FA /* AppDelegate.swift */; };
		4A86FCEB286443B900DF09FA /* SceneDelegate.swift in Sources */ = {isa = PBXBuildFile; fileRef = 4A86FCEA286443B900DF09FA /* SceneDelegate.swift */; };
		4A86FCED286443B900DF09FA /* ViewController.swift in Sources */ = {isa = PBXBuildFile; fileRef = 4A86FCEC286443B900DF09FA /* ViewController.swift */; };
		4A86FCF0286443B900DF09FA /* Main.storyboard in Resources */ = {isa = PBXBuildFile; fileRef = 4A86FCEE286443B900DF09FA /* Main.storyboard */; };
		4A86FCF2286443BB00DF09FA /* Assets.xcassets in Resources */ = {isa = PBXBuildFile; fileRef = 4A86FCF1286443BB00DF09FA /* Assets.xcassets */; };
		4A86FCF5286443BB00DF09FA /* LaunchScreen.storyboard in Resources */ = {isa = PBXBuildFile; fileRef = 4A86FCF3286443BB00DF09FA /* LaunchScreen.storyboard */; };
		4A8D85EE28D640E300F30754 /* DebugViewController.swift in Sources */ = {isa = PBXBuildFile; fileRef = 4A8D85ED28D640E300F30754 /* DebugViewController.swift */; };
		4AB4B4C828D3501600F0C51E /* AboutDayViewController.swift in Sources */ = {isa = PBXBuildFile; fileRef = 4AB4B4C728D3501600F0C51E /* AboutDayViewController.swift */; };
		4AC1E5DB286A397300B165B1 /* CitiesCollectionViewCell.swift in Sources */ = {isa = PBXBuildFile; fileRef = 4AC1E5D9286A397300B165B1 /* CitiesCollectionViewCell.swift */; };
		4AC1E5DC286A397300B165B1 /* CitiesCollectionViewCell.xib in Resources */ = {isa = PBXBuildFile; fileRef = 4AC1E5DA286A397300B165B1 /* CitiesCollectionViewCell.xib */; };
		4AEFC82C28D39D4700466BBD /* Reachability.swift in Sources */ = {isa = PBXBuildFile; fileRef = 4AEFC82B28D39D4700466BBD /* Reachability.swift */; };
		54EB363AF4633ABEF97C51A4 /* Pods_weatherApp.framework in Frameworks */ = {isa = PBXBuildFile; fileRef = 97F9901CA4DC301B15AAB8A6 /* Pods_weatherApp.framework */; };
/* End PBXBuildFile section */

/* Begin PBXFileReference section */
		4A0AD1AE28D2435C00A89032 /* json_file */ = {isa = PBXFileReference; fileEncoding = 4; lastKnownFileType = text; path = json_file; sourceTree = "<group>"; };
		4A1D8B8128D2DAA400969B8B /* DaysTableViewCell.swift */ = {isa = PBXFileReference; lastKnownFileType = sourcecode.swift; path = DaysTableViewCell.swift; sourceTree = "<group>"; };
		4A5D0BD128649A0C00977A9E /* ForecastsResponse.swift */ = {isa = PBXFileReference; lastKnownFileType = sourcecode.swift; path = ForecastsResponse.swift; sourceTree = "<group>"; };
		4A5D0BD62864AC9D00977A9E /* ForecastViewController.swift */ = {isa = PBXFileReference; lastKnownFileType = sourcecode.swift; path = ForecastViewController.swift; sourceTree = "<group>"; };
		4A5D6559286B22DB00A31ECA /* UICollectionViewCell+ReuseIdentifier.swift */ = {isa = PBXFileReference; lastKnownFileType = sourcecode.swift; path = "UICollectionViewCell+ReuseIdentifier.swift"; sourceTree = "<group>"; };
		4A83A1532884581400616B35 /* GoogleService-Info.plist */ = {isa = PBXFileReference; fileEncoding = 4; lastKnownFileType = text.plist.xml; path = "GoogleService-Info.plist"; sourceTree = "<group>"; };
		4A86FCE5286443B900DF09FA /* weatherApp.app */ = {isa = PBXFileReference; explicitFileType = wrapper.application; includeInIndex = 0; path = weatherApp.app; sourceTree = BUILT_PRODUCTS_DIR; };
		4A86FCE8286443B900DF09FA /* AppDelegate.swift */ = {isa = PBXFileReference; lastKnownFileType = sourcecode.swift; path = AppDelegate.swift; sourceTree = "<group>"; };
		4A86FCEA286443B900DF09FA /* SceneDelegate.swift */ = {isa = PBXFileReference; lastKnownFileType = sourcecode.swift; path = SceneDelegate.swift; sourceTree = "<group>"; };
		4A86FCEC286443B900DF09FA /* ViewController.swift */ = {isa = PBXFileReference; lastKnownFileType = sourcecode.swift; path = ViewController.swift; sourceTree = "<group>"; };
		4A86FCEF286443B900DF09FA /* Base */ = {isa = PBXFileReference; lastKnownFileType = file.storyboard; name = Base; path = Base.lproj/Main.storyboard; sourceTree = "<group>"; };
		4A86FCF1286443BB00DF09FA /* Assets.xcassets */ = {isa = PBXFileReference; lastKnownFileType = folder.assetcatalog; path = Assets.xcassets; sourceTree = "<group>"; };
		4A86FCF4286443BB00DF09FA /* Base */ = {isa = PBXFileReference; lastKnownFileType = file.storyboard; name = Base; path = Base.lproj/LaunchScreen.storyboard; sourceTree = "<group>"; };
		4A86FCF6286443BB00DF09FA /* Info.plist */ = {isa = PBXFileReference; lastKnownFileType = text.plist.xml; path = Info.plist; sourceTree = "<group>"; };
		4A8D85ED28D640E300F30754 /* DebugViewController.swift */ = {isa = PBXFileReference; lastKnownFileType = sourcecode.swift; path = DebugViewController.swift; sourceTree = "<group>"; };
		4AB4B4C728D3501600F0C51E /* AboutDayViewController.swift */ = {isa = PBXFileReference; lastKnownFileType = sourcecode.swift; path = AboutDayViewController.swift; sourceTree = "<group>"; };
		4AC1E5D9286A397300B165B1 /* CitiesCollectionViewCell.swift */ = {isa = PBXFileReference; lastKnownFileType = sourcecode.swift; path = CitiesCollectionViewCell.swift; sourceTree = "<group>"; };
		4AC1E5DA286A397300B165B1 /* CitiesCollectionViewCell.xib */ = {isa = PBXFileReference; lastKnownFileType = file.xib; path = CitiesCollectionViewCell.xib; sourceTree = "<group>"; };
		4AEFC82B28D39D4700466BBD /* Reachability.swift */ = {isa = PBXFileReference; lastKnownFileType = sourcecode.swift; path = Reachability.swift; sourceTree = "<group>"; };
		6EB6D03D51551892B670C925 /* Pods-weatherApp.release.xcconfig */ = {isa = PBXFileReference; includeInIndex = 1; lastKnownFileType = text.xcconfig; name = "Pods-weatherApp.release.xcconfig"; path = "Target Support Files/Pods-weatherApp/Pods-weatherApp.release.xcconfig"; sourceTree = "<group>"; };
		97F9901CA4DC301B15AAB8A6 /* Pods_weatherApp.framework */ = {isa = PBXFileReference; explicitFileType = wrapper.framework; includeInIndex = 0; path = Pods_weatherApp.framework; sourceTree = BUILT_PRODUCTS_DIR; };
		C5E314A7B165FC4DA4323363 /* Pods-weatherApp.debug.xcconfig */ = {isa = PBXFileReference; includeInIndex = 1; lastKnownFileType = text.xcconfig; name = "Pods-weatherApp.debug.xcconfig"; path = "Target Support Files/Pods-weatherApp/Pods-weatherApp.debug.xcconfig"; sourceTree = "<group>"; };
/* End PBXFileReference section */

/* Begin PBXFrameworksBuildPhase section */
		4A86FCE2286443B900DF09FA /* Frameworks */ = {
			isa = PBXFrameworksBuildPhase;
			buildActionMask = 2147483647;
			files = (
				54EB363AF4633ABEF97C51A4 /* Pods_weatherApp.framework in Frameworks */,
			);
			runOnlyForDeploymentPostprocessing = 0;
		};
/* End PBXFrameworksBuildPhase section */

/* Begin PBXGroup section */
		3693D25DACC60E58D7E1C8B4 /* Frameworks */ = {
			isa = PBXGroup;
			children = (
				97F9901CA4DC301B15AAB8A6 /* Pods_weatherApp.framework */,
			);
			name = Frameworks;
			sourceTree = "<group>";
		};
		4A0AD1AD28D2434E00A89032 /* json */ = {
			isa = PBXGroup;
			children = (
				4A0AD1AE28D2435C00A89032 /* json_file */,
			);
			path = json;
			sourceTree = "<group>";
		};
		4A0AD1B428D243C400A89032 /* xib */ = {
			isa = PBXGroup;
			children = (
				4AC1E5DA286A397300B165B1 /* CitiesCollectionViewCell.xib */,
			);
			path = xib;
			sourceTree = "<group>";
		};
		4A4B93EE28D36A1500FC4C77 /* cells */ = {
			isa = PBXGroup;
			children = (
				4A5D6559286B22DB00A31ECA /* UICollectionViewCell+ReuseIdentifier.swift */,
				4AC1E5D9286A397300B165B1 /* CitiesCollectionViewCell.swift */,
				4A1D8B8128D2DAA400969B8B /* DaysTableViewCell.swift */,
			);
			path = cells;
			sourceTree = "<group>";
		};
		4A86FCDC286443B900DF09FA = {
			isa = PBXGroup;
			children = (
				4A86FCE7286443B900DF09FA /* weatherApp */,
				4A86FCE6286443B900DF09FA /* Products */,
				654DF64A34BB349AD3909EDC /* Pods */,
				3693D25DACC60E58D7E1C8B4 /* Frameworks */,
			);
			sourceTree = "<group>";
		};
		4A86FCE6286443B900DF09FA /* Products */ = {
			isa = PBXGroup;
			children = (
				4A86FCE5286443B900DF09FA /* weatherApp.app */,
			);
			name = Products;
			sourceTree = "<group>";
		};
		4A86FCE7286443B900DF09FA /* weatherApp */ = {
			isa = PBXGroup;
			children = (
				4A0AD1AD28D2434E00A89032 /* json */,
				4A0AD1B428D243C400A89032 /* xib */,
				4A4B93EE28D36A1500FC4C77 /* cells */,
				4A86FCE8286443B900DF09FA /* AppDelegate.swift */,
				4A86FCEC286443B900DF09FA /* ViewController.swift */,
				4A8D85ED28D640E300F30754 /* DebugViewController.swift */,
				4A5D0BD62864AC9D00977A9E /* ForecastViewController.swift */,
				4AB4B4C728D3501600F0C51E /* AboutDayViewController.swift */,
				4AEFC82B28D39D4700466BBD /* Reachability.swift */,
				4A5D0BD128649A0C00977A9E /* ForecastsResponse.swift */,
				4A86FCEA286443B900DF09FA /* SceneDelegate.swift */,
				4A86FCF1286443BB00DF09FA /* Assets.xcassets */,
				4A86FCEE286443B900DF09FA /* Main.storyboard */,
				4A86FCF3286443BB00DF09FA /* LaunchScreen.storyboard */,
				4A83A1532884581400616B35 /* GoogleService-Info.plist */,
				4A86FCF6286443BB00DF09FA /* Info.plist */,
			);
			path = weatherApp;
			sourceTree = "<group>";
		};
		654DF64A34BB349AD3909EDC /* Pods */ = {
			isa = PBXGroup;
			children = (
				C5E314A7B165FC4DA4323363 /* Pods-weatherApp.debug.xcconfig */,
				6EB6D03D51551892B670C925 /* Pods-weatherApp.release.xcconfig */,
			);
			path = Pods;
			sourceTree = "<group>";
		};
/* End PBXGroup section */

/* Begin PBXNativeTarget section */
		4A86FCE4286443B900DF09FA /* weatherApp */ = {
			isa = PBXNativeTarget;
			buildConfigurationList = 4A86FCF9286443BB00DF09FA /* Build configuration list for PBXNativeTarget "weatherApp" */;
			buildPhases = (
				A284EFAA536586C4C476B666 /* [CP] Check Pods Manifest.lock */,
				4A86FCE1286443B900DF09FA /* Sources */,
				4A86FCE2286443B900DF09FA /* Frameworks */,
				4A86FCE3286443B900DF09FA /* Resources */,
			);
			buildRules = (
			);
			dependencies = (
			);
			name = weatherApp;
			productName = weatherApp;
			productReference = 4A86FCE5286443B900DF09FA /* weatherApp.app */;
			productType = "com.apple.product-type.application";
		};
/* End PBXNativeTarget section */

/* Begin PBXProject section */
		4A86FCDD286443B900DF09FA /* Project object */ = {
			isa = PBXProject;
			attributes = {
				LastSwiftUpdateCheck = 1240;
				LastUpgradeCheck = 1240;
				TargetAttributes = {
					4A86FCE4286443B900DF09FA = {
						CreatedOnToolsVersion = 12.4;
					};
				};
			};
			buildConfigurationList = 4A86FCE0286443B900DF09FA /* Build configuration list for PBXProject "weatherApp" */;
			compatibilityVersion = "Xcode 9.3";
			developmentRegion = en;
			hasScannedForEncodings = 0;
			knownRegions = (
				en,
				Base,
			);
			mainGroup = 4A86FCDC286443B900DF09FA;
			productRefGroup = 4A86FCE6286443B900DF09FA /* Products */;
			projectDirPath = "";
			projectRoot = "";
			targets = (
				4A86FCE4286443B900DF09FA /* weatherApp */,
			);
		};
/* End PBXProject section */

/* Begin PBXResourcesBuildPhase section */
		4A86FCE3286443B900DF09FA /* Resources */ = {
			isa = PBXResourcesBuildPhase;
			buildActionMask = 2147483647;
			files = (
				4A0AD1AF28D2435D00A89032 /* json_file in Resources */,
				4A86FCF5286443BB00DF09FA /* LaunchScreen.storyboard in Resources */,
				4AC1E5DC286A397300B165B1 /* CitiesCollectionViewCell.xib in Resources */,
				4A86FCF2286443BB00DF09FA /* Assets.xcassets in Resources */,
				4A86FCF0286443B900DF09FA /* Main.storyboard in Resources */,
				4A83A1542884581400616B35 /* GoogleService-Info.plist in Resources */,
			);
			runOnlyForDeploymentPostprocessing = 0;
		};
/* End PBXResourcesBuildPhase section */

/* Begin PBXShellScriptBuildPhase section */
		A284EFAA536586C4C476B666 /* [CP] Check Pods Manifest.lock */ = {
			isa = PBXShellScriptBuildPhase;
			buildActionMask = 2147483647;
			files = (
			);
			inputFileListPaths = (
			);
			inputPaths = (
				"${PODS_PODFILE_DIR_PATH}/Podfile.lock",
				"${PODS_ROOT}/Manifest.lock",
			);
			name = "[CP] Check Pods Manifest.lock";
			outputFileListPaths = (
			);
			outputPaths = (
				"$(DERIVED_FILE_DIR)/Pods-weatherApp-checkManifestLockResult.txt",
			);
			runOnlyForDeploymentPostprocessing = 0;
			shellPath = /bin/sh;
			shellScript = "diff \"${PODS_PODFILE_DIR_PATH}/Podfile.lock\" \"${PODS_ROOT}/Manifest.lock\" > /dev/null\nif [ $? != 0 ] ; then\n    # print error to STDERR\n    echo \"error: The sandbox is not in sync with the Podfile.lock. Run 'pod install' or update your CocoaPods installation.\" >&2\n    exit 1\nfi\n# This output is used by Xcode 'outputs' to avoid re-running this script phase.\necho \"SUCCESS\" > \"${SCRIPT_OUTPUT_FILE_0}\"\n";
			showEnvVarsInLog = 0;
		};
/* End PBXShellScriptBuildPhase section */

/* Begin PBXSourcesBuildPhase section */
		4A86FCE1286443B900DF09FA /* Sources */ = {
			isa = PBXSourcesBuildPhase;
			buildActionMask = 2147483647;
			files = (
				4A5D655A286B22DB00A31ECA /* UICollectionViewCell+ReuseIdentifier.swift in Sources */,
				4A86FCED286443B900DF09FA /* ViewController.swift in Sources */,
				4A8D85EE28D640E300F30754 /* DebugViewController.swift in Sources */,
				4AB4B4C828D3501600F0C51E /* AboutDayViewController.swift in Sources */,
				4A86FCE9286443B900DF09FA /* AppDelegate.swift in Sources */,
				4A5D0BD72864AC9D00977A9E /* ForecastViewController.swift in Sources */,
				4AC1E5DB286A397300B165B1 /* CitiesCollectionViewCell.swift in Sources */,
				4A86FCEB286443B900DF09FA /* SceneDelegate.swift in Sources */,
				4A1D8B8228D2DAA400969B8B /* DaysTableViewCell.swift in Sources */,
				4AEFC82C28D39D4700466BBD /* Reachability.swift in Sources */,
				4A5D0BD228649A0C00977A9E /* ForecastsResponse.swift in Sources */,
			);
			runOnlyForDeploymentPostprocessing = 0;
		};
/* End PBXSourcesBuildPhase section */

/* Begin PBXVariantGroup section */
		4A86FCEE286443B900DF09FA /* Main.storyboard */ = {
			isa = PBXVariantGroup;
			children = (
				4A86FCEF286443B900DF09FA /* Base */,
			);
			name = Main.storyboard;
			sourceTree = "<group>";
		};
		4A86FCF3286443BB00DF09FA /* LaunchScreen.storyboard */ = {
			isa = PBXVariantGroup;
			children = (
				4A86FCF4286443BB00DF09FA /* Base */,
			);
			name = LaunchScreen.storyboard;
			sourceTree = "<group>";
		};
/* End PBXVariantGroup section */

/* Begin XCBuildConfiguration section */
		4A86FCF7286443BB00DF09FA /* Debug */ = {
			isa = XCBuildConfiguration;
			buildSettings = {
				ALWAYS_SEARCH_USER_PATHS = NO;
				CLANG_ANALYZER_NONNULL = YES;
				CLANG_ANALYZER_NUMBER_OBJECT_CONVERSION = YES_AGGRESSIVE;
				CLANG_CXX_LANGUAGE_STANDARD = "gnu++14";
				CLANG_CXX_LIBRARY = "libc++";
				CLANG_ENABLE_MODULES = YES;
				CLANG_ENABLE_OBJC_ARC = YES;
				CLANG_ENABLE_OBJC_WEAK = YES;
				CLANG_WARN_BLOCK_CAPTURE_AUTORELEASING = YES;
				CLANG_WARN_BOOL_CONVERSION = YES;
				CLANG_WARN_COMMA = YES;
				CLANG_WARN_CONSTANT_CONVERSION = YES;
				CLANG_WARN_DEPRECATED_OBJC_IMPLEMENTATIONS = YES;
				CLANG_WARN_DIRECT_OBJC_ISA_USAGE = YES_ERROR;
				CLANG_WARN_DOCUMENTATION_COMMENTS = YES;
				CLANG_WARN_EMPTY_BODY = YES;
				CLANG_WARN_ENUM_CONVERSION = YES;
				CLANG_WARN_INFINITE_RECURSION = YES;
				CLANG_WARN_INT_CONVERSION = YES;
				CLANG_WARN_NON_LITERAL_NULL_CONVERSION = YES;
				CLANG_WARN_OBJC_IMPLICIT_RETAIN_SELF = YES;
				CLANG_WARN_OBJC_LITERAL_CONVERSION = YES;
				CLANG_WARN_OBJC_ROOT_CLASS = YES_ERROR;
				CLANG_WARN_QUOTED_INCLUDE_IN_FRAMEWORK_HEADER = YES;
				CLANG_WARN_RANGE_LOOP_ANALYSIS = YES;
				CLANG_WARN_STRICT_PROTOTYPES = YES;
				CLANG_WARN_SUSPICIOUS_MOVE = YES;
				CLANG_WARN_UNGUARDED_AVAILABILITY = YES_AGGRESSIVE;
				CLANG_WARN_UNREACHABLE_CODE = YES;
				CLANG_WARN__DUPLICATE_METHOD_MATCH = YES;
				COPY_PHASE_STRIP = NO;
				DEBUG_INFORMATION_FORMAT = dwarf;
				ENABLE_STRICT_OBJC_MSGSEND = YES;
				ENABLE_TESTABILITY = YES;
				GCC_C_LANGUAGE_STANDARD = gnu11;
				GCC_DYNAMIC_NO_PIC = NO;
				GCC_NO_COMMON_BLOCKS = YES;
				GCC_OPTIMIZATION_LEVEL = 0;
				GCC_PREPROCESSOR_DEFINITIONS = (
					"DEBUG=1",
					"$(inherited)",
				);
				GCC_WARN_64_TO_32_BIT_CONVERSION = YES;
				GCC_WARN_ABOUT_RETURN_TYPE = YES_ERROR;
				GCC_WARN_UNDECLARED_SELECTOR = YES;
				GCC_WARN_UNINITIALIZED_AUTOS = YES_AGGRESSIVE;
				GCC_WARN_UNUSED_FUNCTION = YES;
				GCC_WARN_UNUSED_VARIABLE = YES;
				IPHONEOS_DEPLOYMENT_TARGET = 14.4;
				MTL_ENABLE_DEBUG_INFO = INCLUDE_SOURCE;
				MTL_FAST_MATH = YES;
				ONLY_ACTIVE_ARCH = YES;
				SDKROOT = iphoneos;
				SWIFT_ACTIVE_COMPILATION_CONDITIONS = DEBUG;
				SWIFT_OPTIMIZATION_LEVEL = "-Onone";
			};
			name = Debug;
		};
		4A86FCF8286443BB00DF09FA /* Release */ = {
			isa = XCBuildConfiguration;
			buildSettings = {
				ALWAYS_SEARCH_USER_PATHS = NO;
				CLANG_ANALYZER_NONNULL = YES;
				CLANG_ANALYZER_NUMBER_OBJECT_CONVERSION = YES_AGGRESSIVE;
				CLANG_CXX_LANGUAGE_STANDARD = "gnu++14";
				CLANG_CXX_LIBRARY = "libc++";
				CLANG_ENABLE_MODULES = YES;
				CLANG_ENABLE_OBJC_ARC = YES;
				CLANG_ENABLE_OBJC_WEAK = YES;
				CLANG_WARN_BLOCK_CAPTURE_AUTORELEASING = YES;
				CLANG_WARN_BOOL_CONVERSION = YES;
				CLANG_WARN_COMMA = YES;
				CLANG_WARN_CONSTANT_CONVERSION = YES;
				CLANG_WARN_DEPRECATED_OBJC_IMPLEMENTATIONS = YES;
				CLANG_WARN_DIRECT_OBJC_ISA_USAGE = YES_ERROR;
				CLANG_WARN_DOCUMENTATION_COMMENTS = YES;
				CLANG_WARN_EMPTY_BODY = YES;
				CLANG_WARN_ENUM_CONVERSION = YES;
				CLANG_WARN_INFINITE_RECURSION = YES;
				CLANG_WARN_INT_CONVERSION = YES;
				CLANG_WARN_NON_LITERAL_NULL_CONVERSION = YES;
				CLANG_WARN_OBJC_IMPLICIT_RETAIN_SELF = YES;
				CLANG_WARN_OBJC_LITERAL_CONVERSION = YES;
				CLANG_WARN_OBJC_ROOT_CLASS = YES_ERROR;
				CLANG_WARN_QUOTED_INCLUDE_IN_FRAMEWORK_HEADER = YES;
				CLANG_WARN_RANGE_LOOP_ANALYSIS = YES;
				CLANG_WARN_STRICT_PROTOTYPES = YES;
				CLANG_WARN_SUSPICIOUS_MOVE = YES;
				CLANG_WARN_UNGUARDED_AVAILABILITY = YES_AGGRESSIVE;
				CLANG_WARN_UNREACHABLE_CODE = YES;
				CLANG_WARN__DUPLICATE_METHOD_MATCH = YES;
				COPY_PHASE_STRIP = NO;
				DEBUG_INFORMATION_FORMAT = "dwarf-with-dsym";
				ENABLE_NS_ASSERTIONS = NO;
				ENABLE_STRICT_OBJC_MSGSEND = YES;
				GCC_C_LANGUAGE_STANDARD = gnu11;
				GCC_NO_COMMON_BLOCKS = YES;
				GCC_WARN_64_TO_32_BIT_CONVERSION = YES;
				GCC_WARN_ABOUT_RETURN_TYPE = YES_ERROR;
				GCC_WARN_UNDECLARED_SELECTOR = YES;
				GCC_WARN_UNINITIALIZED_AUTOS = YES_AGGRESSIVE;
				GCC_WARN_UNUSED_FUNCTION = YES;
				GCC_WARN_UNUSED_VARIABLE = YES;
				IPHONEOS_DEPLOYMENT_TARGET = 14.4;
				MTL_ENABLE_DEBUG_INFO = NO;
				MTL_FAST_MATH = YES;
				SDKROOT = iphoneos;
				SWIFT_COMPILATION_MODE = wholemodule;
				SWIFT_OPTIMIZATION_LEVEL = "-O";
				VALIDATE_PRODUCT = YES;
			};
			name = Release;
		};
		4A86FCFA286443BB00DF09FA /* Debug */ = {
			isa = XCBuildConfiguration;
			baseConfigurationReference = C5E314A7B165FC4DA4323363 /* Pods-weatherApp.debug.xcconfig */;
			buildSettings = {
				ASSETCATALOG_COMPILER_APPICON_NAME = AppIcon;
				ASSETCATALOG_COMPILER_GLOBAL_ACCENT_COLOR_NAME = AccentColor;
				CODE_SIGN_STYLE = Automatic;
				DEVELOPMENT_TEAM = PB92MV6U93;
				INFOPLIST_FILE = weatherApp/Info.plist;
				LD_RUNPATH_SEARCH_PATHS = (
					"$(inherited)",
					"@executable_path/Frameworks",
				);
				PRODUCT_BUNDLE_IDENTIFIER = com.bienkokate.weatherApp;
				PRODUCT_NAME = "$(TARGET_NAME)";
				SWIFT_VERSION = 5.0;
				TARGETED_DEVICE_FAMILY = "1,2";
			};
			name = Debug;
		};
		4A86FCFB286443BB00DF09FA /* Release */ = {
			isa = XCBuildConfiguration;
			baseConfigurationReference = 6EB6D03D51551892B670C925 /* Pods-weatherApp.release.xcconfig */;
			buildSettings = {
				ASSETCATALOG_COMPILER_APPICON_NAME = AppIcon;
				ASSETCATALOG_COMPILER_GLOBAL_ACCENT_COLOR_NAME = AccentColor;
				CODE_SIGN_STYLE = Automatic;
				DEVELOPMENT_TEAM = PB92MV6U93;
				INFOPLIST_FILE = weatherApp/Info.plist;
				LD_RUNPATH_SEARCH_PATHS = (
					"$(inherited)",
					"@executable_path/Frameworks",
				);
				PRODUCT_BUNDLE_IDENTIFIER = com.bienkokate.weatherApp;
				PRODUCT_NAME = "$(TARGET_NAME)";
				SWIFT_VERSION = 5.0;
				TARGETED_DEVICE_FAMILY = "1,2";
			};
			name = Release;
		};
/* End XCBuildConfiguration section */

/* Begin XCConfigurationList section */
		4A86FCE0286443B900DF09FA /* Build configuration list for PBXProject "weatherApp" */ = {
			isa = XCConfigurationList;
			buildConfigurations = (
				4A86FCF7286443BB00DF09FA /* Debug */,
				4A86FCF8286443BB00DF09FA /* Release */,
			);
			defaultConfigurationIsVisible = 0;
			defaultConfigurationName = Release;
		};
		4A86FCF9286443BB00DF09FA /* Build configuration list for PBXNativeTarget "weatherApp" */ = {
			isa = XCConfigurationList;
			buildConfigurations = (
				4A86FCFA286443BB00DF09FA /* Debug */,
				4A86FCFB286443BB00DF09FA /* Release */,
			);
			defaultConfigurationIsVisible = 0;
			defaultConfigurationName = Release;
		};
/* End XCConfigurationList section */
	};
	rootObject = 4A86FCDD286443B900DF09FA /* Project object */;
}
